
Microsoft Visual Studio Solution File, Format Version 12.00
# Visual Studio Version 16
VisualStudioVersion = 16.0.30804.86
MinimumVisualStudioVersion = 10.0.40219.1
Project("{9A19103F-16F7-4668-BE54-9A1E7A4F7556}") = "ORM.Dapper.WebApi", "ORM.Dapper.WebApi\ORM.Dapper.WebApi.csproj", "{BC8A2FAF-49DD-485B-9288-FF8C300E9AB6}"
EndProject
Project("{9A19103F-16F7-4668-BE54-9A1E7A4F7556}") = "ORM.Dapper.Core", "ORM.Dapper.Core\ORM.Dapper.Core.csproj", "{6CF27371-F6AA-41F3-AE30-85735CABDD3F}"
EndProject
Project("{9A19103F-16F7-4668-BE54-9A1E7A4F7556}") = "ORM.Dapper.Application", "ORM.Dapper.Application\ORM.Dapper.Application.csproj", "{620F317C-B7B6-4046-82EF-DA1D3FF0872E}"
EndProject
Project("{9A19103F-16F7-4668-BE54-9A1E7A4F7556}") = "ORM.Dapper.Infrastructure", "ORM.Dapper.Infrastructure\ORM.Dapper.Infrastructure.csproj", "{2CE5E1D3-B1D3-4F5C-AC8E-04F59B0664DA}"
EndProject
Project("{2150E333-8FDC-42A3-9474-1A3956D46DE8}") = "Solution Items", "Solution Items", "{C03EE11F-CA8B-4451-8ACB-E020EAAFD791}"
	ProjectSection(SolutionItems) = preProject
		README.MD = README.MD
	EndProjectSection
EndProject
Project("{00D1A9C2-B5F0-4AF3-8072-F6C62B433612}") = "ORM.Dapper.Database", "ORM.Dapper.Database\ORM.Dapper.Database.sqlproj", "{0293763C-A2B7-48F9-A703-CF2B9DDCBC03}"
EndProject
Global
	GlobalSection(SolutionConfigurationPlatforms) = preSolution
		Debug|Any CPU = Debug|Any CPU
		Release|Any CPU = Release|Any CPU
	EndGlobalSection
	GlobalSection(ProjectConfigurationPlatforms) = postSolution
		{BC8A2FAF-49DD-485B-9288-FF8C300E9AB6}.Debug|Any CPU.ActiveCfg = Debug|Any CPU
		{BC8A2FAF-49DD-485B-9288-FF8C300E9AB6}.Debug|Any CPU.Build.0 = Debug|Any CPU
		{BC8A2FAF-49DD-485B-9288-FF8C300E9AB6}.Release|Any CPU.ActiveCfg = Release|Any CPU
		{BC8A2FAF-49DD-485B-9288-FF8C300E9AB6}.Release|Any CPU.Build.0 = Release|Any CPU
		{6CF27371-F6AA-41F3-AE30-85735CABDD3F}.Debug|Any CPU.ActiveCfg = Debug|Any CPU
		{6CF27371-F6AA-41F3-AE30-85735CABDD3F}.Debug|Any CPU.Build.0 = Debug|Any CPU
		{6CF27371-F6AA-41F3-AE30-85735CABDD3F}.Release|Any CPU.ActiveCfg = Release|Any CPU
		{6CF27371-F6AA-41F3-AE30-85735CABDD3F}.Release|Any CPU.Build.0 = Release|Any CPU
		{620F317C-B7B6-4046-82EF-DA1D3FF0872E}.Debug|Any CPU.ActiveCfg = Debug|Any CPU
		{620F317C-B7B6-4046-82EF-DA1D3FF0872E}.Debug|Any CPU.Build.0 = Debug|Any CPU
		{620F317C-B7B6-4046-82EF-DA1D3FF0872E}.Release|Any CPU.ActiveCfg = Release|Any CPU
		{620F317C-B7B6-4046-82EF-DA1D3FF0872E}.Release|Any CPU.Build.0 = Release|Any CPU
		{2CE5E1D3-B1D3-4F5C-AC8E-04F59B0664DA}.Debug|Any CPU.ActiveCfg = Debug|Any CPU
		{2CE5E1D3-B1D3-4F5C-AC8E-04F59B0664DA}.Debug|Any CPU.Build.0 = Debug|Any CPU
		{2CE5E1D3-B1D3-4F5C-AC8E-04F59B0664DA}.Release|Any CPU.ActiveCfg = Release|Any CPU
		{2CE5E1D3-B1D3-4F5C-AC8E-04F59B0664DA}.Release|Any CPU.Build.0 = Release|Any CPU
		{0293763C-A2B7-48F9-A703-CF2B9DDCBC03}.Debug|Any CPU.ActiveCfg = Debug|Any CPU
		{0293763C-A2B7-48F9-A703-CF2B9DDCBC03}.Debug|Any CPU.Build.0 = Debug|Any CPU
		{0293763C-A2B7-48F9-A703-CF2B9DDCBC03}.Debug|Any CPU.Deploy.0 = Debug|Any CPU
		{0293763C-A2B7-48F9-A703-CF2B9DDCBC03}.Release|Any CPU.ActiveCfg = Release|Any CPU
		{0293763C-A2B7-48F9-A703-CF2B9DDCBC03}.Release|Any CPU.Build.0 = Release|Any CPU
		{0293763C-A2B7-48F9-A703-CF2B9DDCBC03}.Release|Any CPU.Deploy.0 = Release|Any CPU
	EndGlobalSection
	GlobalSection(SolutionProperties) = preSolution
		HideSolutionNode = FALSE
	EndGlobalSection
	GlobalSection(ExtensibilityGlobals) = postSolution
		SolutionGuid = {2DFCE4EC-0791-445C-8036-AF80A747C029}
	EndGlobalSection
EndGlobal
